github.com/golang/freetype v0.0.0-20170609003504-e2365dfdc4a0 h1:DACJavvAHhabrF08vX0COfcOBJRhZ8lUbR+ZWIs0Y5g=
github.com/golang/freetype v0.0.0-20170609003504-e2365dfdc4a0/go.mod h1:E/TSTwGwJL78qG/PmXZO1EjYhfJinVAhrmmHX6Z8B9k=
github.com/u00io/nui v0.0.1 h1:+vWOv2KiGgbJO1tkoKjrRcvSVMloKGMAB6OuS8ajQhk=
github.com/u00io/nui v0.0.1/go.mod h1:02NXOqV2GsvEaJGiwX99u7wQBxm9UbW+OgXVmM4u0HM=
github.com/u00io/nuiforms v0.0.0-20250608121458-b8cb3c1fe612 h1:pGg5mblVCwW5EazTH9ni8U+JKEfrQQVXL4zpRcJTIco=
github.com/u00io/nuiforms v0.0.0-20250608121458-b8cb3c1fe612/go.mod h1:3q8VAGSaJdVrG4Y0kzgj93GD8Ziw2FqAyRK3mj8nH0s=
github.com/u00io/u00client v0.0.0-20250607093605-bcac464d3ae3 h1:pjq9OqrOHIk6147McRhH3uFO6pQmtP51Tzo3ltWLs1w=
github.com/u00io/u00client v0.0.0-20250607093605-bcac464d3ae3/go.mod h1:A42AcBoheXR0OUqXdfmylxqTEf6oOfH7+M9cJJYBqvA=
golang.org/x/image v0.27.0 h1:C8gA4oWU/tKkdCfYT6T2u4faJu3MeNS5O8UPWlPF61w=
golang.org/x/image v0.27.0/go.mod h1:xbdrClrAUway1MUTEZDq9mz/UpRwYAkFFNUslZtcB+g=
